
Microsoft Visual Studio Solution File, Format Version 12.00
# Visual Studio Version 17
VisualStudioVersion = 17.9.34607.119
MinimumVisualStudioVersion = 10.0.40219.1
Project("{FAE04EC0-301F-11D3-BF4B-00C04F79EFBC}") = "4.unite uygulama 18", "4.unite uygulama 18\4.unite uygulama 18.csproj", "{E3A56DB8-CD69-4B42-8F3C-7B3E1B3A3A4A}"
EndProject
Global
	GlobalSection(SolutionConfigurationPlatforms) = preSolution
		Debug|Any CPU = Debug|Any CPU
		Release|Any CPU = Release|Any CPU
	EndGlobalSection
	GlobalSection(ProjectConfigurationPlatforms) = postSolution
		{E3A56DB8-CD69-4B42-8F3C-7B3E1B3A3A4A}.Debug|Any CPU.ActiveCfg = Debug|Any CPU
		{E3A56DB8-CD69-4B42-8F3C-7B3E1B3A3A4A}.Debug|Any CPU.Build.0 = Debug|Any CPU
		{E3A56DB8-CD69-4B42-8F3C-7B3E1B3A3A4A}.Release|Any CPU.ActiveCfg = Release|Any CPU
		{E3A56DB8-CD69-4B42-8F3C-7B3E1B3A3A4A}.Release|Any CPU.Build.0 = Release|Any CPU
	EndGlobalSection
	GlobalSection(SolutionProperties) = preSolution
		HideSolutionNode = FALSE
	EndGlobalSection
	GlobalSection(ExtensibilityGlobals) = postSolution
		SolutionGuid = {DA32E1A0-2F2C-4B34-9964-7901E78E5D08}
	EndGlobalSection
EndGlobal
